
Microsoft Visual Studio Solution File, Format Version 12.00
# Visual Studio Version 16
VisualStudioVersion = 16.0.30413.136
MinimumVisualStudioVersion = 10.0.40219.1
Project("{9A19103F-16F7-4668-BE54-9A1E7A4F7556}") = "tuseTheProgrammerBlazor.Models", "tuseTheProgrammerBlazor.Models\tuseTheProgrammerBlazor.Models.csproj", "{D27599D7-0DD6-4BCD-9D08-00A0738ACA8B}"
EndProject
Project("{9A19103F-16F7-4668-BE54-9A1E7A4F7556}") = "tuseTheProgrammerBlazorApplication", "tuseTheProgrammerBlazorApplication\tuseTheProgrammerBlazorApplication.csproj", "{F348CD8D-0746-48BA-90D1-36BD737BB9A3}"
EndProject
Project("{FAE04EC0-301F-11D3-BF4B-00C04F79EFBC}") = "tuseTheProgrammer.Api", "tuseTheProgrammer.Api\tuseTheProgrammer.Api.csproj", "{D70DE66D-5172-4389-9791-0D772698A851}"
EndProject
Global
	GlobalSection(SolutionConfigurationPlatforms) = preSolution
		Debug|Any CPU = Debug|Any CPU
		Release|Any CPU = Release|Any CPU
	EndGlobalSection
	GlobalSection(ProjectConfigurationPlatforms) = postSolution
		{D27599D7-0DD6-4BCD-9D08-00A0738ACA8B}.Debug|Any CPU.ActiveCfg = Debug|Any CPU
		{D27599D7-0DD6-4BCD-9D08-00A0738ACA8B}.Debug|Any CPU.Build.0 = Debug|Any CPU
		{D27599D7-0DD6-4BCD-9D08-00A0738ACA8B}.Release|Any CPU.ActiveCfg = Release|Any CPU
		{D27599D7-0DD6-4BCD-9D08-00A0738ACA8B}.Release|Any CPU.Build.0 = Release|Any CPU
		{F348CD8D-0746-48BA-90D1-36BD737BB9A3}.Debug|Any CPU.ActiveCfg = Debug|Any CPU
		{F348CD8D-0746-48BA-90D1-36BD737BB9A3}.Debug|Any CPU.Build.0 = Debug|Any CPU
		{F348CD8D-0746-48BA-90D1-36BD737BB9A3}.Release|Any CPU.ActiveCfg = Release|Any CPU
		{F348CD8D-0746-48BA-90D1-36BD737BB9A3}.Release|Any CPU.Build.0 = Release|Any CPU
		{D70DE66D-5172-4389-9791-0D772698A851}.Debug|Any CPU.ActiveCfg = Debug|Any CPU
		{D70DE66D-5172-4389-9791-0D772698A851}.Debug|Any CPU.Build.0 = Debug|Any CPU
		{D70DE66D-5172-4389-9791-0D772698A851}.Release|Any CPU.ActiveCfg = Release|Any CPU
		{D70DE66D-5172-4389-9791-0D772698A851}.Release|Any CPU.Build.0 = Release|Any CPU
	EndGlobalSection
	GlobalSection(SolutionProperties) = preSolution
		HideSolutionNode = FALSE
	EndGlobalSection
	GlobalSection(ExtensibilityGlobals) = postSolution
		SolutionGuid = {322CCB3A-0627-4588-86FA-07B23A34142D}
	EndGlobalSection
EndGlobal
